
Microsoft Visual Studio Solution File, Format Version 12.00
# Visual Studio 15
VisualStudioVersion = 15.0.27428.2002
MinimumVisualStudioVersion = 10.0.40219.1
Project("{9A19103F-16F7-4668-BE54-9A1E7A4F7556}") = "Console.Selenium", "Console.Selenium\Console.Selenium.csproj", "{3B8E8105-3B2F-4046-A829-B2457A488DE9}"
EndProject
Project("{9A19103F-16F7-4668-BE54-9A1E7A4F7556}") = "prmToolkit.Selenium", "prmToolkit.Selenium\prmToolkit.Selenium.csproj", "{ED82FC50-121B-4886-88AB-016CD4BA5EDB}"
EndProject
Project("{FAE04EC0-301F-11D3-BF4B-00C04F79EFBC}") = "Console.Selenium.FullFramework", "Console.Selenium.FullFramework\Console.Selenium.FullFramework.csproj", "{9E3AE139-34C4-47D2-AD0D-7CDC8046AE56}"
EndProject
Global
	GlobalSection(SolutionConfigurationPlatforms) = preSolution
		Debug|Any CPU = Debug|Any CPU
		Release|Any CPU = Release|Any CPU
	EndGlobalSection
	GlobalSection(ProjectConfigurationPlatforms) = postSolution
		{3B8E8105-3B2F-4046-A829-B2457A488DE9}.Debug|Any CPU.ActiveCfg = Debug|Any CPU
		{3B8E8105-3B2F-4046-A829-B2457A488DE9}.Debug|Any CPU.Build.0 = Debug|Any CPU
		{3B8E8105-3B2F-4046-A829-B2457A488DE9}.Release|Any CPU.ActiveCfg = Release|Any CPU
		{3B8E8105-3B2F-4046-A829-B2457A488DE9}.Release|Any CPU.Build.0 = Release|Any CPU
		{ED82FC50-121B-4886-88AB-016CD4BA5EDB}.Debug|Any CPU.ActiveCfg = Debug|Any CPU
		{ED82FC50-121B-4886-88AB-016CD4BA5EDB}.Debug|Any CPU.Build.0 = Debug|Any CPU
		{ED82FC50-121B-4886-88AB-016CD4BA5EDB}.Release|Any CPU.ActiveCfg = Release|Any CPU
		{ED82FC50-121B-4886-88AB-016CD4BA5EDB}.Release|Any CPU.Build.0 = Release|Any CPU
		{9E3AE139-34C4-47D2-AD0D-7CDC8046AE56}.Debug|Any CPU.ActiveCfg = Debug|Any CPU
		{9E3AE139-34C4-47D2-AD0D-7CDC8046AE56}.Debug|Any CPU.Build.0 = Debug|Any CPU
		{9E3AE139-34C4-47D2-AD0D-7CDC8046AE56}.Release|Any CPU.ActiveCfg = Release|Any CPU
		{9E3AE139-34C4-47D2-AD0D-7CDC8046AE56}.Release|Any CPU.Build.0 = Release|Any CPU
	EndGlobalSection
	GlobalSection(SolutionProperties) = preSolution
		HideSolutionNode = FALSE
	EndGlobalSection
	GlobalSection(ExtensibilityGlobals) = postSolution
		SolutionGuid = {DDD9AC71-588A-4C39-9242-C021EEF66FAC}
	EndGlobalSection
EndGlobal
